
Microsoft Visual Studio Solution File, Format Version 11.00
# Visual Studio 2010
Project("{E24C65DC-7377-472B-9ABA-BC803B73C61A}") = "NewsTest", "..\..\WebSites\NewsTest\", "{7AF461C6-0E9C-42BE-9BD0-F6DF8114F43D}"
	ProjectSection(WebsiteProperties) = preProject
		TargetFrameworkMoniker = ".NETFramework,Version%3Dv2.0"
		Debug.AspNetCompiler.VirtualPath = "/NewsTest"
		Debug.AspNetCompiler.PhysicalPath = "..\..\WebSites\NewsTest\"
		Debug.AspNetCompiler.TargetPath = "PrecompiledWeb\NewsTest\"
		Debug.AspNetCompiler.Updateable = "true"
		Debug.AspNetCompiler.ForceOverwrite = "true"
		Debug.AspNetCompiler.FixedNames = "false"
		Debug.AspNetCompiler.Debug = "True"
		Release.AspNetCompiler.VirtualPath = "/NewsTest"
		Release.AspNetCompiler.PhysicalPath = "..\..\WebSites\NewsTest\"
		Release.AspNetCompiler.TargetPath = "PrecompiledWeb\NewsTest\"
		Release.AspNetCompiler.Updateable = "true"
		Release.AspNetCompiler.ForceOverwrite = "true"
		Release.AspNetCompiler.FixedNames = "false"
		Release.AspNetCompiler.Debug = "False"
		VWDPort = "1454"
		DefaultWebSiteLanguage = "Visual C#"
	EndProjectSection
EndProject
Global
	GlobalSection(SolutionConfigurationPlatforms) = preSolution
		Debug|Any CPU = Debug|Any CPU
	EndGlobalSection
	GlobalSection(ProjectConfigurationPlatforms) = postSolution
		{7AF461C6-0E9C-42BE-9BD0-F6DF8114F43D}.Debug|Any CPU.ActiveCfg = Debug|Any CPU
		{7AF461C6-0E9C-42BE-9BD0-F6DF8114F43D}.Debug|Any CPU.Build.0 = Debug|Any CPU
	EndGlobalSection
	GlobalSection(SolutionProperties) = preSolution
		HideSolutionNode = FALSE
	EndGlobalSection
EndGlobal
