
Microsoft Visual Studio Solution File, Format Version 10.00
# Visual Studio 2008
Project("{E24C65DC-7377-472B-9ABA-BC803B73C61A}") = "MathService", "..\..\WebSites\MathService\", "{31F91F20-4216-41AF-9742-08449787264B}"
	ProjectSection(WebsiteProperties) = preProject
		TargetFramework = "2.0"
		Debug.AspNetCompiler.VirtualPath = "/MathService"
		Debug.AspNetCompiler.PhysicalPath = "..\..\WebSites\MathService\"
		Debug.AspNetCompiler.TargetPath = "PrecompiledWeb\MathService\"
		Debug.AspNetCompiler.Updateable = "true"
		Debug.AspNetCompiler.ForceOverwrite = "true"
		Debug.AspNetCompiler.FixedNames = "false"
		Debug.AspNetCompiler.Debug = "True"
		Release.AspNetCompiler.VirtualPath = "/MathService"
		Release.AspNetCompiler.PhysicalPath = "..\..\WebSites\MathService\"
		Release.AspNetCompiler.TargetPath = "PrecompiledWeb\MathService\"
		Release.AspNetCompiler.Updateable = "true"
		Release.AspNetCompiler.ForceOverwrite = "true"
		Release.AspNetCompiler.FixedNames = "false"
		Release.AspNetCompiler.Debug = "False"
		VWDPort = "49180"
		DefaultWebSiteLanguage = "Visual C#"
	EndProjectSection
EndProject
Global
	GlobalSection(SolutionConfigurationPlatforms) = preSolution
		Debug|.NET = Debug|.NET
	EndGlobalSection
	GlobalSection(ProjectConfigurationPlatforms) = postSolution
		{31F91F20-4216-41AF-9742-08449787264B}.Debug|.NET.ActiveCfg = Debug|.NET
		{31F91F20-4216-41AF-9742-08449787264B}.Debug|.NET.Build.0 = Debug|.NET
	EndGlobalSection
	GlobalSection(SolutionProperties) = preSolution
		HideSolutionNode = FALSE
	EndGlobalSection
EndGlobal
